// !$*UTF8*$!
{
	archiveVersion = 1;
	classes = {
	};
	objectVersion = 55;
	objects = {

/* Begin PBXBuildFile section */
		DF32A9B627F5B0100032F5FE /* ProfileHeaderView.swift in Sources */ = {isa = PBXBuildFile; fileRef = DF32A9B527F5B0100032F5FE /* ProfileHeaderView.swift */; };
		DF7FA08427E27E3C00F5C3EC /* AppDelegate.swift in Sources */ = {isa = PBXBuildFile; fileRef = DF7FA08327E27E3C00F5C3EC /* AppDelegate.swift */; };
		DF7FA08627E27E3C00F5C3EC /* SceneDelegate.swift in Sources */ = {isa = PBXBuildFile; fileRef = DF7FA08527E27E3C00F5C3EC /* SceneDelegate.swift */; };
		DF7FA08827E27E3C00F5C3EC /* ViewController.swift in Sources */ = {isa = PBXBuildFile; fileRef = DF7FA08727E27E3C00F5C3EC /* ViewController.swift */; };
		DF7FA08D27E27E3E00F5C3EC /* Assets.xcassets in Resources */ = {isa = PBXBuildFile; fileRef = DF7FA08C27E27E3E00F5C3EC /* Assets.xcassets */; };
		DF7FA09027E27E3E00F5C3EC /* LaunchScreen.storyboard in Resources */ = {isa = PBXBuildFile; fileRef = DF7FA08E27E27E3E00F5C3EC /* LaunchScreen.storyboard */; };
		DF7FA0A027EB21CA00F5C3EC /* ProfileViewController.swift in Sources */ = {isa = PBXBuildFile; fileRef = DF7FA09F27EB21CA00F5C3EC /* ProfileViewController.swift */; };
		DF7FA0A227EB240100F5C3EC /* TabBarController.swift in Sources */ = {isa = PBXBuildFile; fileRef = DF7FA0A127EB240100F5C3EC /* TabBarController.swift */; };
		DF7FA0A427EC76DB00F5C3EC /* FeedViewController.swift in Sources */ = {isa = PBXBuildFile; fileRef = DF7FA0A327EC76DB00F5C3EC /* FeedViewController.swift */; };
		DF7FA0A627ECF9E100F5C3EC /* PostViewController.swift in Sources */ = {isa = PBXBuildFile; fileRef = DF7FA0A527ECF9E100F5C3EC /* PostViewController.swift */; };
		DF7FA0A827ECFD7300F5C3EC /* InfoViewController.swift in Sources */ = {isa = PBXBuildFile; fileRef = DF7FA0A727ECFD7300F5C3EC /* InfoViewController.swift */; };
		DFBE817B28194D640098FDBC /* LogInViewController.swift in Sources */ = {isa = PBXBuildFile; fileRef = DFBE817A28194D640098FDBC /* LogInViewController.swift */; };
/* End PBXBuildFile section */

/* Begin PBXFileReference section */
		DF32A9B527F5B0100032F5FE /* ProfileHeaderView.swift */ = {isa = PBXFileReference; lastKnownFileType = sourcecode.swift; path = ProfileHeaderView.swift; sourceTree = "<group>"; };
		DF7FA08027E27E3C00F5C3EC /* Navigation.app */ = {isa = PBXFileReference; explicitFileType = wrapper.application; includeInIndex = 0; path = Navigation.app; sourceTree = BUILT_PRODUCTS_DIR; };
		DF7FA08327E27E3C00F5C3EC /* AppDelegate.swift */ = {isa = PBXFileReference; lastKnownFileType = sourcecode.swift; path = AppDelegate.swift; sourceTree = "<group>"; };
		DF7FA08527E27E3C00F5C3EC /* SceneDelegate.swift */ = {isa = PBXFileReference; lastKnownFileType = sourcecode.swift; path = SceneDelegate.swift; sourceTree = "<group>"; };
		DF7FA08727E27E3C00F5C3EC /* ViewController.swift */ = {isa = PBXFileReference; lastKnownFileType = sourcecode.swift; path = ViewController.swift; sourceTree = "<group>"; };
		DF7FA08C27E27E3E00F5C3EC /* Assets.xcassets */ = {isa = PBXFileReference; lastKnownFileType = folder.assetcatalog; path = Assets.xcassets; sourceTree = "<group>"; };
		DF7FA08F27E27E3E00F5C3EC /* Base */ = {isa = PBXFileReference; lastKnownFileType = file.storyboard; name = Base; path = Base.lproj/LaunchScreen.storyboard; sourceTree = "<group>"; };
		DF7FA09127E27E3E00F5C3EC /* Info.plist */ = {isa = PBXFileReference; lastKnownFileType = text.plist.xml; path = Info.plist; sourceTree = "<group>"; };
		DF7FA09F27EB21CA00F5C3EC /* ProfileViewController.swift */ = {isa = PBXFileReference; lastKnownFileType = sourcecode.swift; path = ProfileViewController.swift; sourceTree = "<group>"; };
		DF7FA0A127EB240100F5C3EC /* TabBarController.swift */ = {isa = PBXFileReference; lastKnownFileType = sourcecode.swift; path = TabBarController.swift; sourceTree = "<group>"; };
		DF7FA0A327EC76DB00F5C3EC /* FeedViewController.swift */ = {isa = PBXFileReference; lastKnownFileType = sourcecode.swift; path = FeedViewController.swift; sourceTree = "<group>"; };
		DF7FA0A527ECF9E100F5C3EC /* PostViewController.swift */ = {isa = PBXFileReference; lastKnownFileType = sourcecode.swift; path = PostViewController.swift; sourceTree = "<group>"; };
		DF7FA0A727ECFD7300F5C3EC /* InfoViewController.swift */ = {isa = PBXFileReference; lastKnownFileType = sourcecode.swift; path = InfoViewController.swift; sourceTree = "<group>"; };
		DFBE817A28194D640098FDBC /* LogInViewController.swift */ = {isa = PBXFileReference; lastKnownFileType = sourcecode.swift; path = LogInViewController.swift; sourceTree = "<group>"; };
/* End PBXFileReference section */

/* Begin PBXFrameworksBuildPhase section */
		DF7FA07D27E27E3C00F5C3EC /* Frameworks */ = {
			isa = PBXFrameworksBuildPhase;
			buildActionMask = 2147483647;
			files = (
			);
			runOnlyForDeploymentPostprocessing = 0;
		};
/* End PBXFrameworksBuildPhase section */

/* Begin PBXGroup section */
		DF32A9B727F5B0410032F5FE /* Profile */ = {
			isa = PBXGroup;
			children = (
				DF32A9B527F5B0100032F5FE /* ProfileHeaderView.swift */,
				DFBE817A28194D640098FDBC /* LogInViewController.swift */,
				DF7FA09F27EB21CA00F5C3EC /* ProfileViewController.swift */,
			);
			path = Profile;
			sourceTree = "<group>";
		};
		DF7FA07727E27E3C00F5C3EC = {
			isa = PBXGroup;
			children = (
				DF7FA08227E27E3C00F5C3EC /* Navigation */,
				DF7FA08127E27E3C00F5C3EC /* Products */,
			);
			sourceTree = "<group>";
		};
		DF7FA08127E27E3C00F5C3EC /* Products */ = {
			isa = PBXGroup;
			children = (
				DF7FA08027E27E3C00F5C3EC /* Navigation.app */,
			);
			name = Products;
			sourceTree = "<group>";
		};
		DF7FA08227E27E3C00F5C3EC /* Navigation */ = {
			isa = PBXGroup;
			children = (
				DF32A9B727F5B0410032F5FE /* Profile */,
				DF7FA08327E27E3C00F5C3EC /* AppDelegate.swift */,
				DF7FA08527E27E3C00F5C3EC /* SceneDelegate.swift */,
				DF7FA0A127EB240100F5C3EC /* TabBarController.swift */,
				DF7FA0A327EC76DB00F5C3EC /* FeedViewController.swift */,
				DF7FA0A527ECF9E100F5C3EC /* PostViewController.swift */,
				DF7FA0A727ECFD7300F5C3EC /* InfoViewController.swift */,
				DF7FA08727E27E3C00F5C3EC /* ViewController.swift */,
				DF7FA08C27E27E3E00F5C3EC /* Assets.xcassets */,
				DF7FA08E27E27E3E00F5C3EC /* LaunchScreen.storyboard */,
				DF7FA09127E27E3E00F5C3EC /* Info.plist */,
			);
			path = Navigation;
			sourceTree = "<group>";
		};
/* End PBXGroup section */

/* Begin PBXNativeTarget section */
		DF7FA07F27E27E3C00F5C3EC /* Navigation */ = {
			isa = PBXNativeTarget;
			buildConfigurationList = DF7FA09427E27E3E00F5C3EC /* Build configuration list for PBXNativeTarget "Navigation" */;
			buildPhases = (
				DF7FA07C27E27E3C00F5C3EC /* Sources */,
				DF7FA07D27E27E3C00F5C3EC /* Frameworks */,
				DF7FA07E27E27E3C00F5C3EC /* Resources */,
			);
			buildRules = (
			);
			dependencies = (
			);
			name = Navigation;
			productName = Navigation;
			productReference = DF7FA08027E27E3C00F5C3EC /* Navigation.app */;
			productType = "com.apple.product-type.application";
		};
/* End PBXNativeTarget section */

/* Begin PBXProject section */
		DF7FA07827E27E3C00F5C3EC /* Project object */ = {
			isa = PBXProject;
			attributes = {
				BuildIndependentTargetsInParallel = 1;
				LastSwiftUpdateCheck = 1320;
				LastUpgradeCheck = 1320;
				TargetAttributes = {
					DF7FA07F27E27E3C00F5C3EC = {
						CreatedOnToolsVersion = 13.2.1;
					};
				};
			};
			buildConfigurationList = DF7FA07B27E27E3C00F5C3EC /* Build configuration list for PBXProject "Navigation" */;
			compatibilityVersion = "Xcode 13.0";
			developmentRegion = en;
			hasScannedForEncodings = 0;
			knownRegions = (
				en,
				Base,
			);
			mainGroup = DF7FA07727E27E3C00F5C3EC;
			productRefGroup = DF7FA08127E27E3C00F5C3EC /* Products */;
			projectDirPath = "";
			projectRoot = "";
			targets = (
				DF7FA07F27E27E3C00F5C3EC /* Navigation */,
			);
		};
/* End PBXProject section */

/* Begin PBXResourcesBuildPhase section */
		DF7FA07E27E27E3C00F5C3EC /* Resources */ = {
			isa = PBXResourcesBuildPhase;
			buildActionMask = 2147483647;
			files = (
				DF7FA09027E27E3E00F5C3EC /* LaunchScreen.storyboard in Resources */,
				DF7FA08D27E27E3E00F5C3EC /* Assets.xcassets in Resources */,
			);
			runOnlyForDeploymentPostprocessing = 0;
		};
/* End PBXResourcesBuildPhase section */

/* Begin PBXSourcesBuildPhase section */
		DF7FA07C27E27E3C00F5C3EC /* Sources */ = {
			isa = PBXSourcesBuildPhase;
			buildActionMask = 2147483647;
			files = (
				DF7FA08827E27E3C00F5C3EC /* ViewController.swift in Sources */,
				DF7FA08427E27E3C00F5C3EC /* AppDelegate.swift in Sources */,
				DF7FA0A627ECF9E100F5C3EC /* PostViewController.swift in Sources */,
				DF7FA0A027EB21CA00F5C3EC /* ProfileViewController.swift in Sources */,
				DF32A9B627F5B0100032F5FE /* ProfileHeaderView.swift in Sources */,
				DF7FA0A227EB240100F5C3EC /* TabBarController.swift in Sources */,
				DF7FA0A427EC76DB00F5C3EC /* FeedViewController.swift in Sources */,
				DF7FA0A827ECFD7300F5C3EC /* InfoViewController.swift in Sources */,
				DFBE817B28194D640098FDBC /* LogInViewController.swift in Sources */,
				DF7FA08627E27E3C00F5C3EC /* SceneDelegate.swift in Sources */,
			);
			runOnlyForDeploymentPostprocessing = 0;
		};
/* End PBXSourcesBuildPhase section */

/* Begin PBXVariantGroup section */
		DF7FA08E27E27E3E00F5C3EC /* LaunchScreen.storyboard */ = {
			isa = PBXVariantGroup;
			children = (
				DF7FA08F27E27E3E00F5C3EC /* Base */,
			);
			name = LaunchScreen.storyboard;
			sourceTree = "<group>";
		};
/* End PBXVariantGroup section */

/* Begin XCBuildConfiguration section */
		DF7FA09227E27E3E00F5C3EC /* Debug */ = {
			isa = XCBuildConfiguration;
			buildSettings = {
				ALWAYS_SEARCH_USER_PATHS = NO;
				CLANG_ANALYZER_NONNULL = YES;
				CLANG_ANALYZER_NUMBER_OBJECT_CONVERSION = YES_AGGRESSIVE;
				CLANG_CXX_LANGUAGE_STANDARD = "gnu++17";
				CLANG_CXX_LIBRARY = "libc++";
				CLANG_ENABLE_MODULES = YES;
				CLANG_ENABLE_OBJC_ARC = YES;
				CLANG_ENABLE_OBJC_WEAK = YES;
				CLANG_WARN_BLOCK_CAPTURE_AUTORELEASING = YES;
				CLANG_WARN_BOOL_CONVERSION = YES;
				CLANG_WARN_COMMA = YES;
				CLANG_WARN_CONSTANT_CONVERSION = YES;
				CLANG_WARN_DEPRECATED_OBJC_IMPLEMENTATIONS = YES;
				CLANG_WARN_DIRECT_OBJC_ISA_USAGE = YES_ERROR;
				CLANG_WARN_DOCUMENTATION_COMMENTS = YES;
				CLANG_WARN_EMPTY_BODY = YES;
				CLANG_WARN_ENUM_CONVERSION = YES;
				CLANG_WARN_INFINITE_RECURSION = YES;
				CLANG_WARN_INT_CONVERSION = YES;
				CLANG_WARN_NON_LITERAL_NULL_CONVERSION = YES;
				CLANG_WARN_OBJC_IMPLICIT_RETAIN_SELF = YES;
				CLANG_WARN_OBJC_LITERAL_CONVERSION = YES;
				CLANG_WARN_OBJC_ROOT_CLASS = YES_ERROR;
				CLANG_WARN_QUOTED_INCLUDE_IN_FRAMEWORK_HEADER = YES;
				CLANG_WARN_RANGE_LOOP_ANALYSIS = YES;
				CLANG_WARN_STRICT_PROTOTYPES = YES;
				CLANG_WARN_SUSPICIOUS_MOVE = YES;
				CLANG_WARN_UNGUARDED_AVAILABILITY = YES_AGGRESSIVE;
				CLANG_WARN_UNREACHABLE_CODE = YES;
				CLANG_WARN__DUPLICATE_METHOD_MATCH = YES;
				COPY_PHASE_STRIP = NO;
				DEBUG_INFORMATION_FORMAT = dwarf;
				ENABLE_STRICT_OBJC_MSGSEND = YES;
				ENABLE_TESTABILITY = YES;
				GCC_C_LANGUAGE_STANDARD = gnu11;
				GCC_DYNAMIC_NO_PIC = NO;
				GCC_NO_COMMON_BLOCKS = YES;
				GCC_OPTIMIZATION_LEVEL = 0;
				GCC_PREPROCESSOR_DEFINITIONS = (
					"DEBUG=1",
					"$(inherited)",
				);
				GCC_WARN_64_TO_32_BIT_CONVERSION = YES;
				GCC_WARN_ABOUT_RETURN_TYPE = YES_ERROR;
				GCC_WARN_UNDECLARED_SELECTOR = YES;
				GCC_WARN_UNINITIALIZED_AUTOS = YES_AGGRESSIVE;
				GCC_WARN_UNUSED_FUNCTION = YES;
				GCC_WARN_UNUSED_VARIABLE = YES;
				IPHONEOS_DEPLOYMENT_TARGET = 15.2;
				MTL_ENABLE_DEBUG_INFO = INCLUDE_SOURCE;
				MTL_FAST_MATH = YES;
				ONLY_ACTIVE_ARCH = YES;
				SDKROOT = iphoneos;
				SWIFT_ACTIVE_COMPILATION_CONDITIONS = DEBUG;
				SWIFT_OPTIMIZATION_LEVEL = "-Onone";
			};
			name = Debug;
		};
		DF7FA09327E27E3E00F5C3EC /* Release */ = {
			isa = XCBuildConfiguration;
			buildSettings = {
				ALWAYS_SEARCH_USER_PATHS = NO;
				CLANG_ANALYZER_NONNULL = YES;
				CLANG_ANALYZER_NUMBER_OBJECT_CONVERSION = YES_AGGRESSIVE;
				CLANG_CXX_LANGUAGE_STANDARD = "gnu++17";
				CLANG_CXX_LIBRARY = "libc++";
				CLANG_ENABLE_MODULES = YES;
				CLANG_ENABLE_OBJC_ARC = YES;
				CLANG_ENABLE_OBJC_WEAK = YES;
				CLANG_WARN_BLOCK_CAPTURE_AUTORELEASING = YES;
				CLANG_WARN_BOOL_CONVERSION = YES;
				CLANG_WARN_COMMA = YES;
				CLANG_WARN_CONSTANT_CONVERSION = YES;
				CLANG_WARN_DEPRECATED_OBJC_IMPLEMENTATIONS = YES;
				CLANG_WARN_DIRECT_OBJC_ISA_USAGE = YES_ERROR;
				CLANG_WARN_DOCUMENTATION_COMMENTS = YES;
				CLANG_WARN_EMPTY_BODY = YES;
				CLANG_WARN_ENUM_CONVERSION = YES;
				CLANG_WARN_INFINITE_RECURSION = YES;
				CLANG_WARN_INT_CONVERSION = YES;
				CLANG_WARN_NON_LITERAL_NULL_CONVERSION = YES;
				CLANG_WARN_OBJC_IMPLICIT_RETAIN_SELF = YES;
				CLANG_WARN_OBJC_LITERAL_CONVERSION = YES;
				CLANG_WARN_OBJC_ROOT_CLASS = YES_ERROR;
				CLANG_WARN_QUOTED_INCLUDE_IN_FRAMEWORK_HEADER = YES;
				CLANG_WARN_RANGE_LOOP_ANALYSIS = YES;
				CLANG_WARN_STRICT_PROTOTYPES = YES;
				CLANG_WARN_SUSPICIOUS_MOVE = YES;
				CLANG_WARN_UNGUARDED_AVAILABILITY = YES_AGGRESSIVE;
				CLANG_WARN_UNREACHABLE_CODE = YES;
				CLANG_WARN__DUPLICATE_METHOD_MATCH = YES;
				COPY_PHASE_STRIP = NO;
				DEBUG_INFORMATION_FORMAT = "dwarf-with-dsym";
				ENABLE_NS_ASSERTIONS = NO;
				ENABLE_STRICT_OBJC_MSGSEND = YES;
				GCC_C_LANGUAGE_STANDARD = gnu11;
				GCC_NO_COMMON_BLOCKS = YES;
				GCC_WARN_64_TO_32_BIT_CONVERSION = YES;
				GCC_WARN_ABOUT_RETURN_TYPE = YES_ERROR;
				GCC_WARN_UNDECLARED_SELECTOR = YES;
				GCC_WARN_UNINITIALIZED_AUTOS = YES_AGGRESSIVE;
				GCC_WARN_UNUSED_FUNCTION = YES;
				GCC_WARN_UNUSED_VARIABLE = YES;
				IPHONEOS_DEPLOYMENT_TARGET = 15.2;
				MTL_ENABLE_DEBUG_INFO = NO;
				MTL_FAST_MATH = YES;
				SDKROOT = iphoneos;
				SWIFT_COMPILATION_MODE = wholemodule;
				SWIFT_OPTIMIZATION_LEVEL = "-O";
				VALIDATE_PRODUCT = YES;
			};
			name = Release;
		};
		DF7FA09527E27E3E00F5C3EC /* Debug */ = {
			isa = XCBuildConfiguration;
			buildSettings = {
				ASSETCATALOG_COMPILER_APPICON_NAME = AppIcon;
				ASSETCATALOG_COMPILER_GLOBAL_ACCENT_COLOR_NAME = AccentColor;
				CODE_SIGN_STYLE = Automatic;
				CURRENT_PROJECT_VERSION = 1;
				GENERATE_INFOPLIST_FILE = YES;
				INFOPLIST_FILE = Navigation/Info.plist;
				INFOPLIST_KEY_UIApplicationSupportsIndirectInputEvents = YES;
				INFOPLIST_KEY_UILaunchStoryboardName = LaunchScreen;
				INFOPLIST_KEY_UISupportedInterfaceOrientations_iPad = "UIInterfaceOrientationPortrait UIInterfaceOrientationPortraitUpsideDown UIInterfaceOrientationLandscapeLeft UIInterfaceOrientationLandscapeRight";
				INFOPLIST_KEY_UISupportedInterfaceOrientations_iPhone = "UIInterfaceOrientationPortrait UIInterfaceOrientationLandscapeLeft UIInterfaceOrientationLandscapeRight";
				LD_RUNPATH_SEARCH_PATHS = (
					"$(inherited)",
					"@executable_path/Frameworks",
				);
				MARKETING_VERSION = 1.0;
				PRODUCT_BUNDLE_IDENTIFIER = LEV.Navigation;
				PRODUCT_NAME = "$(TARGET_NAME)";
				SWIFT_EMIT_LOC_STRINGS = YES;
				SWIFT_VERSION = 5.0;
				TARGETED_DEVICE_FAMILY = "1,2";
			};
			name = Debug;
		};
		DF7FA09627E27E3E00F5C3EC /* Release */ = {
			isa = XCBuildConfiguration;
			buildSettings = {
				ASSETCATALOG_COMPILER_APPICON_NAME = AppIcon;
				ASSETCATALOG_COMPILER_GLOBAL_ACCENT_COLOR_NAME = AccentColor;
				CODE_SIGN_STYLE = Automatic;
				CURRENT_PROJECT_VERSION = 1;
				GENERATE_INFOPLIST_FILE = YES;
				INFOPLIST_FILE = Navigation/Info.plist;
				INFOPLIST_KEY_UIApplicationSupportsIndirectInputEvents = YES;
				INFOPLIST_KEY_UILaunchStoryboardName = LaunchScreen;
				INFOPLIST_KEY_UISupportedInterfaceOrientations_iPad = "UIInterfaceOrientationPortrait UIInterfaceOrientationPortraitUpsideDown UIInterfaceOrientationLandscapeLeft UIInterfaceOrientationLandscapeRight";
				INFOPLIST_KEY_UISupportedInterfaceOrientations_iPhone = "UIInterfaceOrientationPortrait UIInterfaceOrientationLandscapeLeft UIInterfaceOrientationLandscapeRight";
				LD_RUNPATH_SEARCH_PATHS = (
					"$(inherited)",
					"@executable_path/Frameworks",
				);
				MARKETING_VERSION = 1.0;
				PRODUCT_BUNDLE_IDENTIFIER = LEV.Navigation;
				PRODUCT_NAME = "$(TARGET_NAME)";
				SWIFT_EMIT_LOC_STRINGS = YES;
				SWIFT_VERSION = 5.0;
				TARGETED_DEVICE_FAMILY = "1,2";
			};
			name = Release;
		};
/* End XCBuildConfiguration section */

/* Begin XCConfigurationList section */
		DF7FA07B27E27E3C00F5C3EC /* Build configuration list for PBXProject "Navigation" */ = {
			isa = XCConfigurationList;
			buildConfigurations = (
				DF7FA09227E27E3E00F5C3EC /* Debug */,
				DF7FA09327E27E3E00F5C3EC /* Release */,
			);
			defaultConfigurationIsVisible = 0;
			defaultConfigurationName = Release;
		};
		DF7FA09427E27E3E00F5C3EC /* Build configuration list for PBXNativeTarget "Navigation" */ = {
			isa = XCConfigurationList;
			buildConfigurations = (
				DF7FA09527E27E3E00F5C3EC /* Debug */,
				DF7FA09627E27E3E00F5C3EC /* Release */,
			);
			defaultConfigurationIsVisible = 0;
			defaultConfigurationName = Release;
		};
/* End XCConfigurationList section */
	};
	rootObject = DF7FA07827E27E3C00F5C3EC /* Project object */;
}
